# This file was autogenerated by Stack.
# You should not edit this file by hand.
# For more information, please see the documentation at:
#   https://docs.haskellstack.org/en/stable/lock_files

packages:
- completed:
    hackage: string-random-0.1.2.0@sha256:db4f801dec1ec72cba7d662b9774da60ff54de6d05478e94478d6d730dc5034f,2439
    pantry-tree:
      size: 489
      sha256: 21c7e61fceea98d14b453fc74c947b715ce33fe4c665c65b1f28c6f417d4ab7e
  original:
    hackage: string-random-0.1.2.0@sha256:db4f801dec1ec72cba7d662b9774da60ff54de6d05478e94478d6d730dc5034f,2439
snapshots:
- completed:
    size: 497089
    url: https://raw.githubusercontent.com/commercialhaskell/stackage-snapshots/master/lts/13/15.yaml
    sha256: 62c27bdce4a1b7cae3d2f6c29d1d0ae49d75bbbeb7ac6d7e6783d964562c3675
  original: lts-13.15
